{
  "nodes": {
    "nixpkgs": {
      "locked": {
        "lastModified": 1650568321,
        "narHash": "sha256-6wqWwHXwCEN43eEXXFKddOHQarRAB2jtAM5urM1lBts=",
        "owner": "NixOS",
        "repo": "nixpkgs",
        "rev": "f0d8b069143f12ca41174bc80a5bc03cca7be438",
        "type": "github"
      },
      "original": {
        "id": "nixpkgs",
        "ref": "nixos-21.11",
        "type": "indirect"
      }
    },
    "root": {
      "inputs": {
        "xnlib": "xnlib"
      }
    },
    "xnlib": {
      "inputs": {
        "nixpkgs": "nixpkgs"
      },
      "locked": {
        "lastModified": 1651265286,
        "narHash": "sha256-k4+g3cL4ObodTLcVyeW8LZEelB7Qm5SvFPJ+jY20LuM=",
        "owner": "ArctarusLimited",
        "repo": "xnlib",
        "rev": "3a17f5da36205d0a7aeb21c6a296605dc508cf55",
        "type": "github"
      },
      "original": {
        "owner": "ArctarusLimited",
        "repo": "xnlib",
        "type": "github"
      }
    }
  },
  "root": "root",
  "version": 7
}
