{
  "nodes": {
    "nixpkgs": {
      "locked": {
        "lastModified": 1650568321,
        "narHash": "sha256-6wqWwHXwCEN43eEXXFKddOHQarRAB2jtAM5urM1lBts=",
        "owner": "NixOS",
        "repo": "nixpkgs",
        "rev": "f0d8b069143f12ca41174bc80a5bc03cca7be438",
        "type": "github"
      },
      "original": {
        "id": "nixpkgs",
        "ref": "nixos-21.11",
        "type": "indirect"
      }
    },
    "root": {
      "inputs": {
        "xnlib": "xnlib"
      }
    },
    "xnlib": {
      "inputs": {
        "nixpkgs": "nixpkgs"
      },
      "locked": {
        "lastModified": 1651351813,
        "narHash": "sha256-Nu8WHi3gADyy1WDR8OVUu3KobOPJlVspmtx/qyjKOyk=",
        "owner": "ArctarusLimited",
        "repo": "xnlib",
        "rev": "0600126552233318d3f2a8f6cbee0cace5433812",
        "type": "github"
      },
      "original": {
        "owner": "ArctarusLimited",
        "repo": "xnlib",
        "type": "github"
      }
    }
  },
  "root": "root",
  "version": 7
}
